// !$*UTF8*$!
{
	archiveVersion = 1;
	classes = {
	};
	objectVersion = 46;
	objects = {

/* Begin PBXBuildFile section */
		4226F8DC1DA7FE6E001A2E8E /* AddItemViewController.swift in Sources */ = {isa = PBXBuildFile; fileRef = 4226F8DB1DA7FE6E001A2E8E /* AddItemViewController.swift */; };
		F6C11E381DA8600600FD739B /* DetailViewController.swift in Sources */ = {isa = PBXBuildFile; fileRef = F6C11E371DA8600600FD739B /* DetailViewController.swift */; };
		F6CDF78C1D9887DC00FC98B8 /* AppDelegate.swift in Sources */ = {isa = PBXBuildFile; fileRef = F6CDF78B1D9887DC00FC98B8 /* AppDelegate.swift */; };
		F6CDF7911D9887DC00FC98B8 /* Main.storyboard in Resources */ = {isa = PBXBuildFile; fileRef = F6CDF78F1D9887DC00FC98B8 /* Main.storyboard */; };
		F6CDF7931D9887DC00FC98B8 /* Assets.xcassets in Resources */ = {isa = PBXBuildFile; fileRef = F6CDF7921D9887DC00FC98B8 /* Assets.xcassets */; };
		F6CDF7961D9887DC00FC98B8 /* LaunchScreen.storyboard in Resources */ = {isa = PBXBuildFile; fileRef = F6CDF7941D9887DC00FC98B8 /* LaunchScreen.storyboard */; };
		F6CDF7A11D9887DC00FC98B8 /* BucketList1UITests.swift in Sources */ = {isa = PBXBuildFile; fileRef = F6CDF7A01D9887DC00FC98B8 /* BucketList1UITests.swift */; };
		F6CDF82D1D99952000FC98B8 /* StrikeThroughText.swift in Sources */ = {isa = PBXBuildFile; fileRef = F6CDF8291D99952000FC98B8 /* StrikeThroughText.swift */; };
		F6CDF82E1D99952000FC98B8 /* TableViewCell.swift in Sources */ = {isa = PBXBuildFile; fileRef = F6CDF82A1D99952000FC98B8 /* TableViewCell.swift */; };
		F6CDF82F1D99952000FC98B8 /* ToDoItem.swift in Sources */ = {isa = PBXBuildFile; fileRef = F6CDF82B1D99952000FC98B8 /* ToDoItem.swift */; };
		F6CDF8301D99952000FC98B8 /* ViewController.swift in Sources */ = {isa = PBXBuildFile; fileRef = F6CDF82C1D99952000FC98B8 /* ViewController.swift */; };
/* End PBXBuildFile section */

/* Begin PBXContainerItemProxy section */
		F6CDF79D1D9887DC00FC98B8 /* PBXContainerItemProxy */ = {
			isa = PBXContainerItemProxy;
			containerPortal = F6CDF7801D9887DC00FC98B8 /* Project object */;
			proxyType = 1;
			remoteGlobalIDString = F6CDF7871D9887DC00FC98B8;
			remoteInfo = BucketList1;
		};
/* End PBXContainerItemProxy section */

/* Begin PBXFileReference section */
		4226F8DB1DA7FE6E001A2E8E /* AddItemViewController.swift */ = {isa = PBXFileReference; fileEncoding = 4; lastKnownFileType = sourcecode.swift; path = AddItemViewController.swift; sourceTree = "<group>"; };
		F6C11E371DA8600600FD739B /* DetailViewController.swift */ = {isa = PBXFileReference; fileEncoding = 4; lastKnownFileType = sourcecode.swift; path = DetailViewController.swift; sourceTree = "<group>"; };
		F6CDF7881D9887DC00FC98B8 /* BucketList1.app */ = {isa = PBXFileReference; explicitFileType = wrapper.application; includeInIndex = 0; path = BucketList1.app; sourceTree = BUILT_PRODUCTS_DIR; };
		F6CDF78B1D9887DC00FC98B8 /* AppDelegate.swift */ = {isa = PBXFileReference; lastKnownFileType = sourcecode.swift; path = AppDelegate.swift; sourceTree = "<group>"; };
		F6CDF7901D9887DC00FC98B8 /* Base */ = {isa = PBXFileReference; lastKnownFileType = file.storyboard; name = Base; path = Base.lproj/Main.storyboard; sourceTree = "<group>"; };
		F6CDF7921D9887DC00FC98B8 /* Assets.xcassets */ = {isa = PBXFileReference; lastKnownFileType = folder.assetcatalog; path = Assets.xcassets; sourceTree = "<group>"; };
		F6CDF7951D9887DC00FC98B8 /* Base */ = {isa = PBXFileReference; lastKnownFileType = file.storyboard; name = Base; path = Base.lproj/LaunchScreen.storyboard; sourceTree = "<group>"; };
		F6CDF7971D9887DC00FC98B8 /* Info.plist */ = {isa = PBXFileReference; lastKnownFileType = text.plist.xml; path = Info.plist; sourceTree = "<group>"; };
		F6CDF79C1D9887DC00FC98B8 /* BucketList1UITests.xctest */ = {isa = PBXFileReference; explicitFileType = wrapper.cfbundle; includeInIndex = 0; path = BucketList1UITests.xctest; sourceTree = BUILT_PRODUCTS_DIR; };
		F6CDF7A01D9887DC00FC98B8 /* BucketList1UITests.swift */ = {isa = PBXFileReference; lastKnownFileType = sourcecode.swift; path = BucketList1UITests.swift; sourceTree = "<group>"; };
		F6CDF7A21D9887DC00FC98B8 /* Info.plist */ = {isa = PBXFileReference; lastKnownFileType = text.plist.xml; path = Info.plist; sourceTree = "<group>"; };
		F6CDF8291D99952000FC98B8 /* StrikeThroughText.swift */ = {isa = PBXFileReference; fileEncoding = 4; lastKnownFileType = sourcecode.swift; path = StrikeThroughText.swift; sourceTree = "<group>"; };
		F6CDF82A1D99952000FC98B8 /* TableViewCell.swift */ = {isa = PBXFileReference; fileEncoding = 4; lastKnownFileType = sourcecode.swift; path = TableViewCell.swift; sourceTree = "<group>"; };
		F6CDF82B1D99952000FC98B8 /* ToDoItem.swift */ = {isa = PBXFileReference; fileEncoding = 4; lastKnownFileType = sourcecode.swift; path = ToDoItem.swift; sourceTree = "<group>"; };
		F6CDF82C1D99952000FC98B8 /* ViewController.swift */ = {isa = PBXFileReference; fileEncoding = 4; lastKnownFileType = sourcecode.swift; path = ViewController.swift; sourceTree = "<group>"; };
/* End PBXFileReference section */

/* Begin PBXFrameworksBuildPhase section */
		F6CDF7851D9887DC00FC98B8 /* Frameworks */ = {
			isa = PBXFrameworksBuildPhase;
			buildActionMask = 2147483647;
			files = (
			);
			runOnlyForDeploymentPostprocessing = 0;
		};
		F6CDF7991D9887DC00FC98B8 /* Frameworks */ = {
			isa = PBXFrameworksBuildPhase;
			buildActionMask = 2147483647;
			files = (
			);
			runOnlyForDeploymentPostprocessing = 0;
		};
/* End PBXFrameworksBuildPhase section */

/* Begin PBXGroup section */
		F6CDF77F1D9887DC00FC98B8 = {
			isa = PBXGroup;
			children = (
				F6CDF78A1D9887DC00FC98B8 /* BucketList1 */,
				F6CDF79F1D9887DC00FC98B8 /* BucketList1UITests */,
				F6CDF7891D9887DC00FC98B8 /* Products */,
			);
			sourceTree = "<group>";
		};
		F6CDF7891D9887DC00FC98B8 /* Products */ = {
			isa = PBXGroup;
			children = (
				F6CDF7881D9887DC00FC98B8 /* BucketList1.app */,
				F6CDF79C1D9887DC00FC98B8 /* BucketList1UITests.xctest */,
			);
			name = Products;
			sourceTree = "<group>";
		};
		F6CDF78A1D9887DC00FC98B8 /* BucketList1 */ = {
			isa = PBXGroup;
			children = (
				F6CDF78B1D9887DC00FC98B8 /* AppDelegate.swift */,
				F6CDF78F1D9887DC00FC98B8 /* Main.storyboard */,
				F6CDF7921D9887DC00FC98B8 /* Assets.xcassets */,
				F6CDF8291D99952000FC98B8 /* StrikeThroughText.swift */,
				F6CDF82A1D99952000FC98B8 /* TableViewCell.swift */,
				F6CDF82B1D99952000FC98B8 /* ToDoItem.swift */,
				F6CDF82C1D99952000FC98B8 /* ViewController.swift */,
				4226F8DB1DA7FE6E001A2E8E /* AddItemViewController.swift */,
				F6CDF7941D9887DC00FC98B8 /* LaunchScreen.storyboard */,
				F6CDF7971D9887DC00FC98B8 /* Info.plist */,
				F6C11E371DA8600600FD739B /* DetailViewController.swift */,
			);
			path = BucketList1;
			sourceTree = "<group>";
		};
		F6CDF79F1D9887DC00FC98B8 /* BucketList1UITests */ = {
			isa = PBXGroup;
			children = (
				F6CDF7A01D9887DC00FC98B8 /* BucketList1UITests.swift */,
				F6CDF7A21D9887DC00FC98B8 /* Info.plist */,
			);
			path = BucketList1UITests;
			sourceTree = "<group>";
		};
/* End PBXGroup section */

/* Begin PBXNativeTarget section */
		F6CDF7871D9887DC00FC98B8 /* BucketList1 */ = {
			isa = PBXNativeTarget;
			buildConfigurationList = F6CDF7A51D9887DC00FC98B8 /* Build configuration list for PBXNativeTarget "BucketList1" */;
			buildPhases = (
				F6CDF7841D9887DC00FC98B8 /* Sources */,
				F6CDF7851D9887DC00FC98B8 /* Frameworks */,
				F6CDF7861D9887DC00FC98B8 /* Resources */,
			);
			buildRules = (
			);
			dependencies = (
			);
			name = BucketList1;
			productName = BucketList1;
			productReference = F6CDF7881D9887DC00FC98B8 /* BucketList1.app */;
			productType = "com.apple.product-type.application";
		};
		F6CDF79B1D9887DC00FC98B8 /* BucketList1UITests */ = {
			isa = PBXNativeTarget;
			buildConfigurationList = F6CDF7A81D9887DC00FC98B8 /* Build configuration list for PBXNativeTarget "BucketList1UITests" */;
			buildPhases = (
				F6CDF7981D9887DC00FC98B8 /* Sources */,
				F6CDF7991D9887DC00FC98B8 /* Frameworks */,
				F6CDF79A1D9887DC00FC98B8 /* Resources */,
			);
			buildRules = (
			);
			dependencies = (
				F6CDF79E1D9887DC00FC98B8 /* PBXTargetDependency */,
			);
			name = BucketList1UITests;
			productName = BucketList1UITests;
			productReference = F6CDF79C1D9887DC00FC98B8 /* BucketList1UITests.xctest */;
			productType = "com.apple.product-type.bundle.ui-testing";
		};
/* End PBXNativeTarget section */

/* Begin PBXProject section */
		F6CDF7801D9887DC00FC98B8 /* Project object */ = {
			isa = PBXProject;
			attributes = {
				LastSwiftUpdateCheck = 0800;
				LastUpgradeCheck = 0800;
				ORGANIZATIONNAME = "Amy Zhao";
				TargetAttributes = {
					F6CDF7871D9887DC00FC98B8 = {
						CreatedOnToolsVersion = 8.0;
						DevelopmentTeam = NGPZUR5K33;
						ProvisioningStyle = Automatic;
					};
					F6CDF79B1D9887DC00FC98B8 = {
						CreatedOnToolsVersion = 8.0;
						ProvisioningStyle = Automatic;
						TestTargetID = F6CDF7871D9887DC00FC98B8;
					};
				};
			};
			buildConfigurationList = F6CDF7831D9887DC00FC98B8 /* Build configuration list for PBXProject "BucketList1" */;
			compatibilityVersion = "Xcode 3.2";
			developmentRegion = English;
			hasScannedForEncodings = 0;
			knownRegions = (
				en,
				Base,
			);
			mainGroup = F6CDF77F1D9887DC00FC98B8;
			productRefGroup = F6CDF7891D9887DC00FC98B8 /* Products */;
			projectDirPath = "";
			projectRoot = "";
			targets = (
				F6CDF7871D9887DC00FC98B8 /* BucketList1 */,
				F6CDF79B1D9887DC00FC98B8 /* BucketList1UITests */,
			);
		};
/* End PBXProject section */

/* Begin PBXResourcesBuildPhase section */
		F6CDF7861D9887DC00FC98B8 /* Resources */ = {
			isa = PBXResourcesBuildPhase;
			buildActionMask = 2147483647;
			files = (
				F6CDF7961D9887DC00FC98B8 /* LaunchScreen.storyboard in Resources */,
				F6CDF7931D9887DC00FC98B8 /* Assets.xcassets in Resources */,
				F6CDF7911D9887DC00FC98B8 /* Main.storyboard in Resources */,
			);
			runOnlyForDeploymentPostprocessing = 0;
		};
		F6CDF79A1D9887DC00FC98B8 /* Resources */ = {
			isa = PBXResourcesBuildPhase;
			buildActionMask = 2147483647;
			files = (
			);
			runOnlyForDeploymentPostprocessing = 0;
		};
/* End PBXResourcesBuildPhase section */

/* Begin PBXSourcesBuildPhase section */
		F6CDF7841D9887DC00FC98B8 /* Sources */ = {
			isa = PBXSourcesBuildPhase;
			buildActionMask = 2147483647;
			files = (
				F6CDF82D1D99952000FC98B8 /* StrikeThroughText.swift in Sources */,
				F6CDF8301D99952000FC98B8 /* ViewController.swift in Sources */,
				F6CDF82E1D99952000FC98B8 /* TableViewCell.swift in Sources */,
				F6CDF82F1D99952000FC98B8 /* ToDoItem.swift in Sources */,
				F6CDF78C1D9887DC00FC98B8 /* AppDelegate.swift in Sources */,
				4226F8DC1DA7FE6E001A2E8E /* AddItemViewController.swift in Sources */,
				F6C11E381DA8600600FD739B /* DetailViewController.swift in Sources */,
			);
			runOnlyForDeploymentPostprocessing = 0;
		};
		F6CDF7981D9887DC00FC98B8 /* Sources */ = {
			isa = PBXSourcesBuildPhase;
			buildActionMask = 2147483647;
			files = (
				F6CDF7A11D9887DC00FC98B8 /* BucketList1UITests.swift in Sources */,
			);
			runOnlyForDeploymentPostprocessing = 0;
		};
/* End PBXSourcesBuildPhase section */

/* Begin PBXTargetDependency section */
		F6CDF79E1D9887DC00FC98B8 /* PBXTargetDependency */ = {
			isa = PBXTargetDependency;
			target = F6CDF7871D9887DC00FC98B8 /* BucketList1 */;
			targetProxy = F6CDF79D1D9887DC00FC98B8 /* PBXContainerItemProxy */;
		};
/* End PBXTargetDependency section */

/* Begin PBXVariantGroup section */
		F6CDF78F1D9887DC00FC98B8 /* Main.storyboard */ = {
			isa = PBXVariantGroup;
			children = (
				F6CDF7901D9887DC00FC98B8 /* Base */,
			);
			name = Main.storyboard;
			sourceTree = "<group>";
		};
		F6CDF7941D9887DC00FC98B8 /* LaunchScreen.storyboard */ = {
			isa = PBXVariantGroup;
			children = (
				F6CDF7951D9887DC00FC98B8 /* Base */,
			);
			name = LaunchScreen.storyboard;
			sourceTree = "<group>";
		};
/* End PBXVariantGroup section */

/* Begin XCBuildConfiguration section */
		F6CDF7A31D9887DC00FC98B8 /* Debug */ = {
			isa = XCBuildConfiguration;
			buildSettings = {
				ALWAYS_SEARCH_USER_PATHS = NO;
				CLANG_ANALYZER_NONNULL = YES;
				CLANG_CXX_LANGUAGE_STANDARD = "gnu++0x";
				CLANG_CXX_LIBRARY = "libc++";
				CLANG_ENABLE_MODULES = YES;
				CLANG_ENABLE_OBJC_ARC = YES;
				CLANG_WARN_BOOL_CONVERSION = YES;
				CLANG_WARN_CONSTANT_CONVERSION = YES;
				CLANG_WARN_DIRECT_OBJC_ISA_USAGE = YES_ERROR;
				CLANG_WARN_DOCUMENTATION_COMMENTS = YES;
				CLANG_WARN_EMPTY_BODY = YES;
				CLANG_WARN_ENUM_CONVERSION = YES;
				CLANG_WARN_INFINITE_RECURSION = YES;
				CLANG_WARN_INT_CONVERSION = YES;
				CLANG_WARN_OBJC_ROOT_CLASS = YES_ERROR;
				CLANG_WARN_SUSPICIOUS_MOVES = YES;
				CLANG_WARN_UNREACHABLE_CODE = YES;
				CLANG_WARN__DUPLICATE_METHOD_MATCH = YES;
				"CODE_SIGN_IDENTITY[sdk=iphoneos*]" = "iPhone Developer";
				COPY_PHASE_STRIP = NO;
				DEBUG_INFORMATION_FORMAT = dwarf;
				ENABLE_STRICT_OBJC_MSGSEND = YES;
				ENABLE_TESTABILITY = YES;
				GCC_C_LANGUAGE_STANDARD = gnu99;
				GCC_DYNAMIC_NO_PIC = NO;
				GCC_NO_COMMON_BLOCKS = YES;
				GCC_OPTIMIZATION_LEVEL = 0;
				GCC_PREPROCESSOR_DEFINITIONS = (
					"DEBUG=1",
					"$(inherited)",
				);
				GCC_WARN_64_TO_32_BIT_CONVERSION = YES;
				GCC_WARN_ABOUT_RETURN_TYPE = YES_ERROR;
				GCC_WARN_UNDECLARED_SELECTOR = YES;
				GCC_WARN_UNINITIALIZED_AUTOS = YES_AGGRESSIVE;
				GCC_WARN_UNUSED_FUNCTION = YES;
				GCC_WARN_UNUSED_VARIABLE = YES;
				IPHONEOS_DEPLOYMENT_TARGET = 10.0;
				MTL_ENABLE_DEBUG_INFO = YES;
				ONLY_ACTIVE_ARCH = YES;
				SDKROOT = iphoneos;
				SWIFT_ACTIVE_COMPILATION_CONDITIONS = DEBUG;
				SWIFT_OPTIMIZATION_LEVEL = "-Onone";
			};
			name = Debug;
		};
		F6CDF7A41D9887DC00FC98B8 /* Release */ = {
			isa = XCBuildConfiguration;
			buildSettings = {
				ALWAYS_SEARCH_USER_PATHS = NO;
				CLANG_ANALYZER_NONNULL = YES;
				CLANG_CXX_LANGUAGE_STANDARD = "gnu++0x";
				CLANG_CXX_LIBRARY = "libc++";
				CLANG_ENABLE_MODULES = YES;
				CLANG_ENABLE_OBJC_ARC = YES;
				CLANG_WARN_BOOL_CONVERSION = YES;
				CLANG_WARN_CONSTANT_CONVERSION = YES;
				CLANG_WARN_DIRECT_OBJC_ISA_USAGE = YES_ERROR;
				CLANG_WARN_DOCUMENTATION_COMMENTS = YES;
				CLANG_WARN_EMPTY_BODY = YES;
				CLANG_WARN_ENUM_CONVERSION = YES;
				CLANG_WARN_INFINITE_RECURSION = YES;
				CLANG_WARN_INT_CONVERSION = YES;
				CLANG_WARN_OBJC_ROOT_CLASS = YES_ERROR;
				CLANG_WARN_SUSPICIOUS_MOVES = YES;
				CLANG_WARN_UNREACHABLE_CODE = YES;
				CLANG_WARN__DUPLICATE_METHOD_MATCH = YES;
				"CODE_SIGN_IDENTITY[sdk=iphoneos*]" = "iPhone Developer";
				COPY_PHASE_STRIP = NO;
				DEBUG_INFORMATION_FORMAT = "dwarf-with-dsym";
				ENABLE_NS_ASSERTIONS = NO;
				ENABLE_STRICT_OBJC_MSGSEND = YES;
				GCC_C_LANGUAGE_STANDARD = gnu99;
				GCC_NO_COMMON_BLOCKS = YES;
				GCC_WARN_64_TO_32_BIT_CONVERSION = YES;
				GCC_WARN_ABOUT_RETURN_TYPE = YES_ERROR;
				GCC_WARN_UNDECLARED_SELECTOR = YES;
				GCC_WARN_UNINITIALIZED_AUTOS = YES_AGGRESSIVE;
				GCC_WARN_UNUSED_FUNCTION = YES;
				GCC_WARN_UNUSED_VARIABLE = YES;
				IPHONEOS_DEPLOYMENT_TARGET = 10.0;
				MTL_ENABLE_DEBUG_INFO = NO;
				SDKROOT = iphoneos;
				SWIFT_OPTIMIZATION_LEVEL = "-Owholemodule";
				VALIDATE_PRODUCT = YES;
			};
			name = Release;
		};
		F6CDF7A61D9887DC00FC98B8 /* Debug */ = {
			isa = XCBuildConfiguration;
			buildSettings = {
				ASSETCATALOG_COMPILER_APPICON_NAME = AppIcon;
				DEVELOPMENT_TEAM = NGPZUR5K33;
				INFOPLIST_FILE = BucketList1/Info.plist;
				LD_RUNPATH_SEARCH_PATHS = "$(inherited) @executable_path/Frameworks";
				PRODUCT_BUNDLE_IDENTIFIER = edu.virginia.cs4720.awz4pc.BucketList8;
				PRODUCT_NAME = "$(TARGET_NAME)";
				SWIFT_VERSION = 3.0;
			};
			name = Debug;
		};
		F6CDF7A71D9887DC00FC98B8 /* Release */ = {
			isa = XCBuildConfiguration;
			buildSettings = {
				ASSETCATALOG_COMPILER_APPICON_NAME = AppIcon;
				DEVELOPMENT_TEAM = NGPZUR5K33;
				INFOPLIST_FILE = BucketList1/Info.plist;
				LD_RUNPATH_SEARCH_PATHS = "$(inherited) @executable_path/Frameworks";
				PRODUCT_BUNDLE_IDENTIFIER = edu.virginia.cs4720.awz4pc.BucketList8;
				PRODUCT_NAME = "$(TARGET_NAME)";
				SWIFT_VERSION = 3.0;
			};
			name = Release;
		};
		F6CDF7A91D9887DC00FC98B8 /* Debug */ = {
			isa = XCBuildConfiguration;
			buildSettings = {
				ALWAYS_EMBED_SWIFT_STANDARD_LIBRARIES = YES;
				INFOPLIST_FILE = BucketList1UITests/Info.plist;
				LD_RUNPATH_SEARCH_PATHS = "$(inherited) @executable_path/Frameworks @loader_path/Frameworks";
				PRODUCT_BUNDLE_IDENTIFIER = edu.virginia.cs4720.awz4pc.BucketList1UITests;
				PRODUCT_NAME = "$(TARGET_NAME)";
				SWIFT_VERSION = 3.0;
				TEST_TARGET_NAME = BucketList1;
			};
			name = Debug;
		};
		F6CDF7AA1D9887DC00FC98B8 /* Release */ = {
			isa = XCBuildConfiguration;
			buildSettings = {
				ALWAYS_EMBED_SWIFT_STANDARD_LIBRARIES = YES;
				INFOPLIST_FILE = BucketList1UITests/Info.plist;
				LD_RUNPATH_SEARCH_PATHS = "$(inherited) @executable_path/Frameworks @loader_path/Frameworks";
				PRODUCT_BUNDLE_IDENTIFIER = edu.virginia.cs4720.awz4pc.BucketList1UITests;
				PRODUCT_NAME = "$(TARGET_NAME)";
				SWIFT_VERSION = 3.0;
				TEST_TARGET_NAME = BucketList1;
			};
			name = Release;
		};
/* End XCBuildConfiguration section */

/* Begin XCConfigurationList section */
		F6CDF7831D9887DC00FC98B8 /* Build configuration list for PBXProject "BucketList1" */ = {
			isa = XCConfigurationList;
			buildConfigurations = (
				F6CDF7A31D9887DC00FC98B8 /* Debug */,
				F6CDF7A41D9887DC00FC98B8 /* Release */,
			);
			defaultConfigurationIsVisible = 0;
			defaultConfigurationName = Release;
		};
		F6CDF7A51D9887DC00FC98B8 /* Build configuration list for PBXNativeTarget "BucketList1" */ = {
			isa = XCConfigurationList;
			buildConfigurations = (
				F6CDF7A61D9887DC00FC98B8 /* Debug */,
				F6CDF7A71D9887DC00FC98B8 /* Release */,
			);
			defaultConfigurationIsVisible = 0;
			defaultConfigurationName = Release;
		};
		F6CDF7A81D9887DC00FC98B8 /* Build configuration list for PBXNativeTarget "BucketList1UITests" */ = {
			isa = XCConfigurationList;
			buildConfigurations = (
				F6CDF7A91D9887DC00FC98B8 /* Debug */,
				F6CDF7AA1D9887DC00FC98B8 /* Release */,
			);
			defaultConfigurationIsVisible = 0;
			defaultConfigurationName = Release;
		};
/* End XCConfigurationList section */
	};
	rootObject = F6CDF7801D9887DC00FC98B8 /* Project object */;
}
